
Microsoft Visual Studio Solution File, Format Version 12.00
# Visual Studio Version 17
VisualStudioVersion = 17.5.002.0
MinimumVisualStudioVersion = 10.0.40219.1
Project("{9A19103F-16F7-4668-BE54-9A1E7A4F7556}") = "Interaktiv", "Interaktiv.csproj", "{4BEB03FA-4925-46E7-86B5-44EBB2274ED6}"
EndProject
Global
	GlobalSection(SolutionConfigurationPlatforms) = preSolution
		Debug|Any CPU = Debug|Any CPU
		Release|Any CPU = Release|Any CPU
	EndGlobalSection
	GlobalSection(ProjectConfigurationPlatforms) = postSolution
		{4BEB03FA-4925-46E7-86B5-44EBB2274ED6}.Debug|Any CPU.ActiveCfg = Debug|Any CPU
		{4BEB03FA-4925-46E7-86B5-44EBB2274ED6}.Debug|Any CPU.Build.0 = Debug|Any CPU
		{4BEB03FA-4925-46E7-86B5-44EBB2274ED6}.Release|Any CPU.ActiveCfg = Release|Any CPU
		{4BEB03FA-4925-46E7-86B5-44EBB2274ED6}.Release|Any CPU.Build.0 = Release|Any CPU
	EndGlobalSection
	GlobalSection(SolutionProperties) = preSolution
		HideSolutionNode = FALSE
	EndGlobalSection
	GlobalSection(ExtensibilityGlobals) = postSolution
		SolutionGuid = {1CCC2EA5-E3CE-437C-9308-E37F58D847D4}
	EndGlobalSection
EndGlobal
